{
    "name": "typings-esm-loader",
    "version": "2.0.1",
    "lockfileVersion": 2,
    "requires": true,
    "packages": {
        "": {
            "name": "typings-esm-loader",
            "version": "2.0.1",
            "license": "MIT",
            "devDependencies": {
                "@types/node": "^18.8.1"
            },
            "engines": {
                "node": ">=18.6"
            }
        },
        "node_modules/@types/node": {
            "version": "18.8.1",
            "resolved": "https://registry.npmjs.org/@types/node/-/node-18.8.1.tgz",
            "integrity": "sha512-vuYaNuEIbOYLTLUAJh50ezEbvxrD43iby+lpUA2aa148Nh5kX/AVO/9m1Ahmbux2iU5uxJTNF9g2Y+31uml7RQ==",
            "dev": true
        }
    },
    "dependencies": {
        "@types/node": {
            "version": "18.8.1",
            "resolved": "https://registry.npmjs.org/@types/node/-/node-18.8.1.tgz",
            "integrity": "sha512-vuYaNuEIbOYLTLUAJh50ezEbvxrD43iby+lpUA2aa148Nh5kX/AVO/9m1Ahmbux2iU5uxJTNF9g2Y+31uml7RQ==",
            "dev": true
        }
    }
}
